
Microsoft Visual Studio Solution File, Format Version 12.00
# Visual Studio Version 16
VisualStudioVersion = 16.0.28922.388
MinimumVisualStudioVersion = 10.0.40219.1
Project("{FAE04EC0-301F-11D3-BF4B-00C04F79EFBC}") = "baitaptoi_d3m6", "baitaptoi_d3m6\baitaptoi_d3m6.csproj", "{73A60E5F-F549-4568-A3AA-0D9D133CA4B2}"
EndProject
Global
	GlobalSection(SolutionConfigurationPlatforms) = preSolution
		Debug|Any CPU = Debug|Any CPU
		Release|Any CPU = Release|Any CPU
	EndGlobalSection
	GlobalSection(ProjectConfigurationPlatforms) = postSolution
		{73A60E5F-F549-4568-A3AA-0D9D133CA4B2}.Debug|Any CPU.ActiveCfg = Debug|Any CPU
		{73A60E5F-F549-4568-A3AA-0D9D133CA4B2}.Debug|Any CPU.Build.0 = Debug|Any CPU
		{73A60E5F-F549-4568-A3AA-0D9D133CA4B2}.Release|Any CPU.ActiveCfg = Release|Any CPU
		{73A60E5F-F549-4568-A3AA-0D9D133CA4B2}.Release|Any CPU.Build.0 = Release|Any CPU
	EndGlobalSection
	GlobalSection(SolutionProperties) = preSolution
		HideSolutionNode = FALSE
	EndGlobalSection
	GlobalSection(ExtensibilityGlobals) = postSolution
		SolutionGuid = {8AFAA108-7721-4BF9-9AAF-A4EE46CC2B60}
	EndGlobalSection
EndGlobal
