
Microsoft Visual Studio Solution File, Format Version 12.00
# Visual Studio 2012
Project("{FAE04EC0-301F-11D3-BF4B-00C04F79EFBC}") = "project2", "project2\project2.csproj", "{3582B8CD-B4EA-4C85-89A4-451671B38BEC}"
EndProject
Global
	GlobalSection(SolutionConfigurationPlatforms) = preSolution
		Debug|Any CPU = Debug|Any CPU
		Release|Any CPU = Release|Any CPU
	EndGlobalSection
	GlobalSection(ProjectConfigurationPlatforms) = postSolution
		{3582B8CD-B4EA-4C85-89A4-451671B38BEC}.Debug|Any CPU.ActiveCfg = Debug|Any CPU
		{3582B8CD-B4EA-4C85-89A4-451671B38BEC}.Debug|Any CPU.Build.0 = Debug|Any CPU
		{3582B8CD-B4EA-4C85-89A4-451671B38BEC}.Release|Any CPU.ActiveCfg = Release|Any CPU
		{3582B8CD-B4EA-4C85-89A4-451671B38BEC}.Release|Any CPU.Build.0 = Release|Any CPU
	EndGlobalSection
	GlobalSection(SolutionProperties) = preSolution
		HideSolutionNode = FALSE
	EndGlobalSection
EndGlobal
