
Microsoft Visual Studio Solution File, Format Version 12.00
# Visual Studio 2012
Project("{FAE04EC0-301F-11D3-BF4B-00C04F79EFBC}") = "Exams6", "Exams6\Exams6.csproj", "{F8AA1A35-D8F2-45FE-94E1-B8A7A54E97BA}"
EndProject
Global
	GlobalSection(SolutionConfigurationPlatforms) = preSolution
		Debug|Any CPU = Debug|Any CPU
		Release|Any CPU = Release|Any CPU
	EndGlobalSection
	GlobalSection(ProjectConfigurationPlatforms) = postSolution
		{F8AA1A35-D8F2-45FE-94E1-B8A7A54E97BA}.Debug|Any CPU.ActiveCfg = Debug|Any CPU
		{F8AA1A35-D8F2-45FE-94E1-B8A7A54E97BA}.Debug|Any CPU.Build.0 = Debug|Any CPU
		{F8AA1A35-D8F2-45FE-94E1-B8A7A54E97BA}.Release|Any CPU.ActiveCfg = Release|Any CPU
		{F8AA1A35-D8F2-45FE-94E1-B8A7A54E97BA}.Release|Any CPU.Build.0 = Release|Any CPU
	EndGlobalSection
	GlobalSection(SolutionProperties) = preSolution
		HideSolutionNode = FALSE
	EndGlobalSection
EndGlobal
