
Microsoft Visual Studio Solution File, Format Version 12.00
# Visual Studio 2012
Project("{FAE04EC0-301F-11D3-BF4B-00C04F79EFBC}") = "bt2", "bt2\bt2.csproj", "{6EA110C9-5D0B-431A-BFD1-879AD80DDB1D}"
EndProject
Global
	GlobalSection(SolutionConfigurationPlatforms) = preSolution
		Debug|Any CPU = Debug|Any CPU
		Release|Any CPU = Release|Any CPU
	EndGlobalSection
	GlobalSection(ProjectConfigurationPlatforms) = postSolution
		{6EA110C9-5D0B-431A-BFD1-879AD80DDB1D}.Debug|Any CPU.ActiveCfg = Debug|Any CPU
		{6EA110C9-5D0B-431A-BFD1-879AD80DDB1D}.Debug|Any CPU.Build.0 = Debug|Any CPU
		{6EA110C9-5D0B-431A-BFD1-879AD80DDB1D}.Release|Any CPU.ActiveCfg = Release|Any CPU
		{6EA110C9-5D0B-431A-BFD1-879AD80DDB1D}.Release|Any CPU.Build.0 = Release|Any CPU
	EndGlobalSection
	GlobalSection(SolutionProperties) = preSolution
		HideSolutionNode = FALSE
	EndGlobalSection
EndGlobal
